// !$*UTF8*$!
{
	archiveVersion = 1;
	classes = {
	};
	objectVersion = 56;
	objects = {

/* Begin PBXBuildFile section */
		2B595DEC2A37ACFB0034BD42 /* TouristActivitiesApp.swift in Sources */ = {isa = PBXBuildFile; fileRef = 2B595DEB2A37ACFB0034BD42 /* TouristActivitiesApp.swift */; };
		2B595DEE2A37ACFB0034BD42 /* ContentView.swift in Sources */ = {isa = PBXBuildFile; fileRef = 2B595DED2A37ACFB0034BD42 /* ContentView.swift */; };
		2B595DF02A37ACFC0034BD42 /* Assets.xcassets in Resources */ = {isa = PBXBuildFile; fileRef = 2B595DEF2A37ACFC0034BD42 /* Assets.xcassets */; };
		2B595DF32A37ACFC0034BD42 /* Preview Assets.xcassets in Resources */ = {isa = PBXBuildFile; fileRef = 2B595DF22A37ACFC0034BD42 /* Preview Assets.xcassets */; };
		2B60003F2A37BFBF00D96C9A /* LoginView.swift in Sources */ = {isa = PBXBuildFile; fileRef = 2B60003E2A37BFBF00D96C9A /* LoginView.swift */; };
		2B6000412A37C4AB00D96C9A /* ActivitiesView.swift in Sources */ = {isa = PBXBuildFile; fileRef = 2B6000402A37C4AB00D96C9A /* ActivitiesView.swift */; };
		2B6000432A37C56800D96C9A /* ActivityDetailsView.swift in Sources */ = {isa = PBXBuildFile; fileRef = 2B6000422A37C56800D96C9A /* ActivityDetailsView.swift */; };
		714D69002A3A875B0090C5A9 /* ActivityModel.swift in Sources */ = {isa = PBXBuildFile; fileRef = 714D68FF2A3A875B0090C5A9 /* ActivityModel.swift */; };
		714D69042A3A8D400090C5A9 /* ActivityImage.swift in Sources */ = {isa = PBXBuildFile; fileRef = 714D69032A3A8D400090C5A9 /* ActivityImage.swift */; };
		714D69082A3A9A350090C5A9 /* FavoritesView.swift in Sources */ = {isa = PBXBuildFile; fileRef = 714D69072A3A9A350090C5A9 /* FavoritesView.swift */; };
/* End PBXBuildFile section */

/* Begin PBXFileReference section */
		2B595DE82A37ACFB0034BD42 /* TouristActivities.app */ = {isa = PBXFileReference; explicitFileType = wrapper.application; includeInIndex = 0; path = TouristActivities.app; sourceTree = BUILT_PRODUCTS_DIR; };
		2B595DEB2A37ACFB0034BD42 /* TouristActivitiesApp.swift */ = {isa = PBXFileReference; lastKnownFileType = sourcecode.swift; path = TouristActivitiesApp.swift; sourceTree = "<group>"; };
		2B595DED2A37ACFB0034BD42 /* ContentView.swift */ = {isa = PBXFileReference; lastKnownFileType = sourcecode.swift; path = ContentView.swift; sourceTree = "<group>"; };
		2B595DEF2A37ACFC0034BD42 /* Assets.xcassets */ = {isa = PBXFileReference; lastKnownFileType = folder.assetcatalog; path = Assets.xcassets; sourceTree = "<group>"; };
		2B595DF22A37ACFC0034BD42 /* Preview Assets.xcassets */ = {isa = PBXFileReference; lastKnownFileType = folder.assetcatalog; path = "Preview Assets.xcassets"; sourceTree = "<group>"; };
		2B60003E2A37BFBF00D96C9A /* LoginView.swift */ = {isa = PBXFileReference; lastKnownFileType = sourcecode.swift; path = LoginView.swift; sourceTree = "<group>"; };
		2B6000402A37C4AB00D96C9A /* ActivitiesView.swift */ = {isa = PBXFileReference; lastKnownFileType = sourcecode.swift; path = ActivitiesView.swift; sourceTree = "<group>"; };
		2B6000422A37C56800D96C9A /* ActivityDetailsView.swift */ = {isa = PBXFileReference; lastKnownFileType = sourcecode.swift; path = ActivityDetailsView.swift; sourceTree = "<group>"; };
		714D68FF2A3A875B0090C5A9 /* ActivityModel.swift */ = {isa = PBXFileReference; lastKnownFileType = sourcecode.swift; path = ActivityModel.swift; sourceTree = "<group>"; };
		714D69032A3A8D400090C5A9 /* ActivityImage.swift */ = {isa = PBXFileReference; fileEncoding = 4; lastKnownFileType = sourcecode.swift; path = ActivityImage.swift; sourceTree = "<group>"; };
		714D69072A3A9A350090C5A9 /* FavoritesView.swift */ = {isa = PBXFileReference; lastKnownFileType = sourcecode.swift; path = FavoritesView.swift; sourceTree = "<group>"; };
/* End PBXFileReference section */

/* Begin PBXFrameworksBuildPhase section */
		2B595DE52A37ACFB0034BD42 /* Frameworks */ = {
			isa = PBXFrameworksBuildPhase;
			buildActionMask = 2147483647;
			files = (
			);
			runOnlyForDeploymentPostprocessing = 0;
		};
/* End PBXFrameworksBuildPhase section */

/* Begin PBXGroup section */
		2B595DDF2A37ACFB0034BD42 = {
			isa = PBXGroup;
			children = (
				2B595DEA2A37ACFB0034BD42 /* TouristActivities */,
				2B595DE92A37ACFB0034BD42 /* Products */,
			);
			sourceTree = "<group>";
		};
		2B595DE92A37ACFB0034BD42 /* Products */ = {
			isa = PBXGroup;
			children = (
				2B595DE82A37ACFB0034BD42 /* TouristActivities.app */,
			);
			name = Products;
			sourceTree = "<group>";
		};
		2B595DEA2A37ACFB0034BD42 /* TouristActivities */ = {
			isa = PBXGroup;
			children = (
				714D69032A3A8D400090C5A9 /* ActivityImage.swift */,
				714D69072A3A9A350090C5A9 /* FavoritesView.swift */,
				2B595DEB2A37ACFB0034BD42 /* TouristActivitiesApp.swift */,
				714D68FF2A3A875B0090C5A9 /* ActivityModel.swift */,
				2B595DED2A37ACFB0034BD42 /* ContentView.swift */,
				2B60003E2A37BFBF00D96C9A /* LoginView.swift */,
				2B6000402A37C4AB00D96C9A /* ActivitiesView.swift */,
				2B6000422A37C56800D96C9A /* ActivityDetailsView.swift */,
				2B595DEF2A37ACFC0034BD42 /* Assets.xcassets */,
				2B595DF12A37ACFC0034BD42 /* Preview Content */,
			);
			path = TouristActivities;
			sourceTree = "<group>";
		};
		2B595DF12A37ACFC0034BD42 /* Preview Content */ = {
			isa = PBXGroup;
			children = (
				2B595DF22A37ACFC0034BD42 /* Preview Assets.xcassets */,
			);
			path = "Preview Content";
			sourceTree = "<group>";
		};
/* End PBXGroup section */

/* Begin PBXNativeTarget section */
		2B595DE72A37ACFB0034BD42 /* TouristActivities */ = {
			isa = PBXNativeTarget;
			buildConfigurationList = 2B595DF62A37ACFC0034BD42 /* Build configuration list for PBXNativeTarget "TouristActivities" */;
			buildPhases = (
				2B595DE42A37ACFB0034BD42 /* Sources */,
				2B595DE52A37ACFB0034BD42 /* Frameworks */,
				2B595DE62A37ACFB0034BD42 /* Resources */,
			);
			buildRules = (
			);
			dependencies = (
			);
			name = TouristActivities;
			productName = TouristActivities;
			productReference = 2B595DE82A37ACFB0034BD42 /* TouristActivities.app */;
			productType = "com.apple.product-type.application";
		};
/* End PBXNativeTarget section */

/* Begin PBXProject section */
		2B595DE02A37ACFB0034BD42 /* Project object */ = {
			isa = PBXProject;
			attributes = {
				BuildIndependentTargetsInParallel = 1;
				LastSwiftUpdateCheck = 1430;
				LastUpgradeCheck = 1430;
				TargetAttributes = {
					2B595DE72A37ACFB0034BD42 = {
						CreatedOnToolsVersion = 14.3;
					};
				};
			};
			buildConfigurationList = 2B595DE32A37ACFB0034BD42 /* Build configuration list for PBXProject "TouristActivities" */;
			compatibilityVersion = "Xcode 14.0";
			developmentRegion = en;
			hasScannedForEncodings = 0;
			knownRegions = (
				en,
				Base,
			);
			mainGroup = 2B595DDF2A37ACFB0034BD42;
			productRefGroup = 2B595DE92A37ACFB0034BD42 /* Products */;
			projectDirPath = "";
			projectRoot = "";
			targets = (
				2B595DE72A37ACFB0034BD42 /* TouristActivities */,
			);
		};
/* End PBXProject section */

/* Begin PBXResourcesBuildPhase section */
		2B595DE62A37ACFB0034BD42 /* Resources */ = {
			isa = PBXResourcesBuildPhase;
			buildActionMask = 2147483647;
			files = (
				2B595DF32A37ACFC0034BD42 /* Preview Assets.xcassets in Resources */,
				2B595DF02A37ACFC0034BD42 /* Assets.xcassets in Resources */,
			);
			runOnlyForDeploymentPostprocessing = 0;
		};
/* End PBXResourcesBuildPhase section */

/* Begin PBXSourcesBuildPhase section */
		2B595DE42A37ACFB0034BD42 /* Sources */ = {
			isa = PBXSourcesBuildPhase;
			buildActionMask = 2147483647;
			files = (
				2B60003F2A37BFBF00D96C9A /* LoginView.swift in Sources */,
				2B595DEE2A37ACFB0034BD42 /* ContentView.swift in Sources */,
				714D69002A3A875B0090C5A9 /* ActivityModel.swift in Sources */,
				2B595DEC2A37ACFB0034BD42 /* TouristActivitiesApp.swift in Sources */,
				714D69082A3A9A350090C5A9 /* FavoritesView.swift in Sources */,
				714D69042A3A8D400090C5A9 /* ActivityImage.swift in Sources */,
				2B6000412A37C4AB00D96C9A /* ActivitiesView.swift in Sources */,
				2B6000432A37C56800D96C9A /* ActivityDetailsView.swift in Sources */,
			);
			runOnlyForDeploymentPostprocessing = 0;
		};
/* End PBXSourcesBuildPhase section */

/* Begin XCBuildConfiguration section */
		2B595DF42A37ACFC0034BD42 /* Debug */ = {
			isa = XCBuildConfiguration;
			buildSettings = {
				ALWAYS_SEARCH_USER_PATHS = NO;
				CLANG_ANALYZER_NONNULL = YES;
				CLANG_ANALYZER_NUMBER_OBJECT_CONVERSION = YES_AGGRESSIVE;
				CLANG_CXX_LANGUAGE_STANDARD = "gnu++20";
				CLANG_ENABLE_MODULES = YES;
				CLANG_ENABLE_OBJC_ARC = YES;
				CLANG_ENABLE_OBJC_WEAK = YES;
				CLANG_WARN_BLOCK_CAPTURE_AUTORELEASING = YES;
				CLANG_WARN_BOOL_CONVERSION = YES;
				CLANG_WARN_COMMA = YES;
				CLANG_WARN_CONSTANT_CONVERSION = YES;
				CLANG_WARN_DEPRECATED_OBJC_IMPLEMENTATIONS = YES;
				CLANG_WARN_DIRECT_OBJC_ISA_USAGE = YES_ERROR;
				CLANG_WARN_DOCUMENTATION_COMMENTS = YES;
				CLANG_WARN_EMPTY_BODY = YES;
				CLANG_WARN_ENUM_CONVERSION = YES;
				CLANG_WARN_INFINITE_RECURSION = YES;
				CLANG_WARN_INT_CONVERSION = YES;
				CLANG_WARN_NON_LITERAL_NULL_CONVERSION = YES;
				CLANG_WARN_OBJC_IMPLICIT_RETAIN_SELF = YES;
				CLANG_WARN_OBJC_LITERAL_CONVERSION = YES;
				CLANG_WARN_OBJC_ROOT_CLASS = YES_ERROR;
				CLANG_WARN_QUOTED_INCLUDE_IN_FRAMEWORK_HEADER = YES;
				CLANG_WARN_RANGE_LOOP_ANALYSIS = YES;
				CLANG_WARN_STRICT_PROTOTYPES = YES;
				CLANG_WARN_SUSPICIOUS_MOVE = YES;
				CLANG_WARN_UNGUARDED_AVAILABILITY = YES_AGGRESSIVE;
				CLANG_WARN_UNREACHABLE_CODE = YES;
				CLANG_WARN__DUPLICATE_METHOD_MATCH = YES;
				COPY_PHASE_STRIP = NO;
				DEBUG_INFORMATION_FORMAT = dwarf;
				ENABLE_STRICT_OBJC_MSGSEND = YES;
				ENABLE_TESTABILITY = YES;
				GCC_C_LANGUAGE_STANDARD = gnu11;
				GCC_DYNAMIC_NO_PIC = NO;
				GCC_NO_COMMON_BLOCKS = YES;
				GCC_OPTIMIZATION_LEVEL = 0;
				GCC_PREPROCESSOR_DEFINITIONS = (
					"DEBUG=1",
					"$(inherited)",
				);
				GCC_WARN_64_TO_32_BIT_CONVERSION = YES;
				GCC_WARN_ABOUT_RETURN_TYPE = YES_ERROR;
				GCC_WARN_UNDECLARED_SELECTOR = YES;
				GCC_WARN_UNINITIALIZED_AUTOS = YES_AGGRESSIVE;
				GCC_WARN_UNUSED_FUNCTION = YES;
				GCC_WARN_UNUSED_VARIABLE = YES;
				IPHONEOS_DEPLOYMENT_TARGET = 16.4;
				MTL_ENABLE_DEBUG_INFO = INCLUDE_SOURCE;
				MTL_FAST_MATH = YES;
				ONLY_ACTIVE_ARCH = YES;
				SDKROOT = iphoneos;
				SWIFT_ACTIVE_COMPILATION_CONDITIONS = DEBUG;
				SWIFT_OPTIMIZATION_LEVEL = "-Onone";
			};
			name = Debug;
		};
		2B595DF52A37ACFC0034BD42 /* Release */ = {
			isa = XCBuildConfiguration;
			buildSettings = {
				ALWAYS_SEARCH_USER_PATHS = NO;
				CLANG_ANALYZER_NONNULL = YES;
				CLANG_ANALYZER_NUMBER_OBJECT_CONVERSION = YES_AGGRESSIVE;
				CLANG_CXX_LANGUAGE_STANDARD = "gnu++20";
				CLANG_ENABLE_MODULES = YES;
				CLANG_ENABLE_OBJC_ARC = YES;
				CLANG_ENABLE_OBJC_WEAK = YES;
				CLANG_WARN_BLOCK_CAPTURE_AUTORELEASING = YES;
				CLANG_WARN_BOOL_CONVERSION = YES;
				CLANG_WARN_COMMA = YES;
				CLANG_WARN_CONSTANT_CONVERSION = YES;
				CLANG_WARN_DEPRECATED_OBJC_IMPLEMENTATIONS = YES;
				CLANG_WARN_DIRECT_OBJC_ISA_USAGE = YES_ERROR;
				CLANG_WARN_DOCUMENTATION_COMMENTS = YES;
				CLANG_WARN_EMPTY_BODY = YES;
				CLANG_WARN_ENUM_CONVERSION = YES;
				CLANG_WARN_INFINITE_RECURSION = YES;
				CLANG_WARN_INT_CONVERSION = YES;
				CLANG_WARN_NON_LITERAL_NULL_CONVERSION = YES;
				CLANG_WARN_OBJC_IMPLICIT_RETAIN_SELF = YES;
				CLANG_WARN_OBJC_LITERAL_CONVERSION = YES;
				CLANG_WARN_OBJC_ROOT_CLASS = YES_ERROR;
				CLANG_WARN_QUOTED_INCLUDE_IN_FRAMEWORK_HEADER = YES;
				CLANG_WARN_RANGE_LOOP_ANALYSIS = YES;
				CLANG_WARN_STRICT_PROTOTYPES = YES;
				CLANG_WARN_SUSPICIOUS_MOVE = YES;
				CLANG_WARN_UNGUARDED_AVAILABILITY = YES_AGGRESSIVE;
				CLANG_WARN_UNREACHABLE_CODE = YES;
				CLANG_WARN__DUPLICATE_METHOD_MATCH = YES;
				COPY_PHASE_STRIP = NO;
				DEBUG_INFORMATION_FORMAT = "dwarf-with-dsym";
				ENABLE_NS_ASSERTIONS = NO;
				ENABLE_STRICT_OBJC_MSGSEND = YES;
				GCC_C_LANGUAGE_STANDARD = gnu11;
				GCC_NO_COMMON_BLOCKS = YES;
				GCC_WARN_64_TO_32_BIT_CONVERSION = YES;
				GCC_WARN_ABOUT_RETURN_TYPE = YES_ERROR;
				GCC_WARN_UNDECLARED_SELECTOR = YES;
				GCC_WARN_UNINITIALIZED_AUTOS = YES_AGGRESSIVE;
				GCC_WARN_UNUSED_FUNCTION = YES;
				GCC_WARN_UNUSED_VARIABLE = YES;
				IPHONEOS_DEPLOYMENT_TARGET = 16.4;
				MTL_ENABLE_DEBUG_INFO = NO;
				MTL_FAST_MATH = YES;
				SDKROOT = iphoneos;
				SWIFT_COMPILATION_MODE = wholemodule;
				SWIFT_OPTIMIZATION_LEVEL = "-O";
				VALIDATE_PRODUCT = YES;
			};
			name = Release;
		};
		2B595DF72A37ACFC0034BD42 /* Debug */ = {
			isa = XCBuildConfiguration;
			buildSettings = {
				ASSETCATALOG_COMPILER_APPICON_NAME = AppIcon;
				ASSETCATALOG_COMPILER_GLOBAL_ACCENT_COLOR_NAME = AccentColor;
				CODE_SIGN_STYLE = Automatic;
				CURRENT_PROJECT_VERSION = 1;
				DEVELOPMENT_ASSET_PATHS = "\"TouristActivities/Preview Content\"";
				DEVELOPMENT_TEAM = 5FQPC374Q5;
				ENABLE_PREVIEWS = YES;
				GENERATE_INFOPLIST_FILE = YES;
				INFOPLIST_KEY_UIApplicationSceneManifest_Generation = YES;
				INFOPLIST_KEY_UIApplicationSupportsIndirectInputEvents = YES;
				INFOPLIST_KEY_UILaunchScreen_Generation = YES;
				INFOPLIST_KEY_UISupportedInterfaceOrientations_iPad = "UIInterfaceOrientationPortrait UIInterfaceOrientationPortraitUpsideDown UIInterfaceOrientationLandscapeLeft UIInterfaceOrientationLandscapeRight";
				INFOPLIST_KEY_UISupportedInterfaceOrientations_iPhone = "UIInterfaceOrientationPortrait UIInterfaceOrientationLandscapeLeft UIInterfaceOrientationLandscapeRight";
				LD_RUNPATH_SEARCH_PATHS = (
					"$(inherited)",
					"@executable_path/Frameworks",
				);
				MARKETING_VERSION = 1.0;
				PRODUCT_BUNDLE_IDENTIFIER = GeorgeBrown.TouristActivities;
				PRODUCT_NAME = "$(TARGET_NAME)";
				SWIFT_EMIT_LOC_STRINGS = YES;
				SWIFT_VERSION = 5.0;
				TARGETED_DEVICE_FAMILY = "1,2";
			};
			name = Debug;
		};
		2B595DF82A37ACFC0034BD42 /* Release */ = {
			isa = XCBuildConfiguration;
			buildSettings = {
				ASSETCATALOG_COMPILER_APPICON_NAME = AppIcon;
				ASSETCATALOG_COMPILER_GLOBAL_ACCENT_COLOR_NAME = AccentColor;
				CODE_SIGN_STYLE = Automatic;
				CURRENT_PROJECT_VERSION = 1;
				DEVELOPMENT_ASSET_PATHS = "\"TouristActivities/Preview Content\"";
				DEVELOPMENT_TEAM = 5FQPC374Q5;
				ENABLE_PREVIEWS = YES;
				GENERATE_INFOPLIST_FILE = YES;
				INFOPLIST_KEY_UIApplicationSceneManifest_Generation = YES;
				INFOPLIST_KEY_UIApplicationSupportsIndirectInputEvents = YES;
				INFOPLIST_KEY_UILaunchScreen_Generation = YES;
				INFOPLIST_KEY_UISupportedInterfaceOrientations_iPad = "UIInterfaceOrientationPortrait UIInterfaceOrientationPortraitUpsideDown UIInterfaceOrientationLandscapeLeft UIInterfaceOrientationLandscapeRight";
				INFOPLIST_KEY_UISupportedInterfaceOrientations_iPhone = "UIInterfaceOrientationPortrait UIInterfaceOrientationLandscapeLeft UIInterfaceOrientationLandscapeRight";
				LD_RUNPATH_SEARCH_PATHS = (
					"$(inherited)",
					"@executable_path/Frameworks",
				);
				MARKETING_VERSION = 1.0;
				PRODUCT_BUNDLE_IDENTIFIER = GeorgeBrown.TouristActivities;
				PRODUCT_NAME = "$(TARGET_NAME)";
				SWIFT_EMIT_LOC_STRINGS = YES;
				SWIFT_VERSION = 5.0;
				TARGETED_DEVICE_FAMILY = "1,2";
			};
			name = Release;
		};
/* End XCBuildConfiguration section */

/* Begin XCConfigurationList section */
		2B595DE32A37ACFB0034BD42 /* Build configuration list for PBXProject "TouristActivities" */ = {
			isa = XCConfigurationList;
			buildConfigurations = (
				2B595DF42A37ACFC0034BD42 /* Debug */,
				2B595DF52A37ACFC0034BD42 /* Release */,
			);
			defaultConfigurationIsVisible = 0;
			defaultConfigurationName = Release;
		};
		2B595DF62A37ACFC0034BD42 /* Build configuration list for PBXNativeTarget "TouristActivities" */ = {
			isa = XCConfigurationList;
			buildConfigurations = (
				2B595DF72A37ACFC0034BD42 /* Debug */,
				2B595DF82A37ACFC0034BD42 /* Release */,
			);
			defaultConfigurationIsVisible = 0;
			defaultConfigurationName = Release;
		};
/* End XCConfigurationList section */
	};
	rootObject = 2B595DE02A37ACFB0034BD42 /* Project object */;
}
